
Microsoft Visual Studio Solution File, Format Version 12.00
# Visual Studio Version 16
VisualStudioVersion = 16.0.32510.428
MinimumVisualStudioVersion = 10.0.40219.1
Project("{FAE04EC0-301F-11D3-BF4B-00C04F79EFBC}") = "ExamenFinal", "ExamenFinal.csproj", "{B33D1F3C-B482-4ED6-8EAC-53CACA76D479}"
EndProject
Global
	GlobalSection(SolutionConfigurationPlatforms) = preSolution
		Debug|Any CPU = Debug|Any CPU
		Release|Any CPU = Release|Any CPU
	EndGlobalSection
	GlobalSection(ProjectConfigurationPlatforms) = postSolution
		{B33D1F3C-B482-4ED6-8EAC-53CACA76D479}.Debug|Any CPU.ActiveCfg = Debug|Any CPU
		{B33D1F3C-B482-4ED6-8EAC-53CACA76D479}.Debug|Any CPU.Build.0 = Debug|Any CPU
		{B33D1F3C-B482-4ED6-8EAC-53CACA76D479}.Release|Any CPU.ActiveCfg = Release|Any CPU
		{B33D1F3C-B482-4ED6-8EAC-53CACA76D479}.Release|Any CPU.Build.0 = Release|Any CPU
	EndGlobalSection
	GlobalSection(SolutionProperties) = preSolution
		HideSolutionNode = FALSE
	EndGlobalSection
	GlobalSection(ExtensibilityGlobals) = postSolution
		SolutionGuid = {B33741E0-5EBF-403B-A63C-A7E874685752}
	EndGlobalSection
EndGlobal
